
Microsoft Visual Studio Solution File, Format Version 12.00
# Visual Studio Version 17
VisualStudioVersion = 17.14.37111.16 d17.14
MinimumVisualStudioVersion = 10.0.40219.1
Project("{FAE04EC0-301F-11D3-BF4B-00C04F79EFBC}") = "Portfolio", "Portfolio\Portfolio.csproj", "{2F7403FB-D92D-4AF5-A8B0-9E53AF22E2D0}"
EndProject
Global
	GlobalSection(SolutionConfigurationPlatforms) = preSolution
		Debug|Any CPU = Debug|Any CPU
		Release|Any CPU = Release|Any CPU
	EndGlobalSection
	GlobalSection(ProjectConfigurationPlatforms) = postSolution
		{2F7403FB-D92D-4AF5-A8B0-9E53AF22E2D0}.Debug|Any CPU.ActiveCfg = Debug|Any CPU
		{2F7403FB-D92D-4AF5-A8B0-9E53AF22E2D0}.Debug|Any CPU.Build.0 = Debug|Any CPU
		{2F7403FB-D92D-4AF5-A8B0-9E53AF22E2D0}.Release|Any CPU.ActiveCfg = Release|Any CPU
		{2F7403FB-D92D-4AF5-A8B0-9E53AF22E2D0}.Release|Any CPU.Build.0 = Release|Any CPU
	EndGlobalSection
	GlobalSection(SolutionProperties) = preSolution
		HideSolutionNode = FALSE
	EndGlobalSection
	GlobalSection(ExtensibilityGlobals) = postSolution
		SolutionGuid = {FCBC3ECD-C8F2-4749-B7DE-B2261A8C6FEF}
	EndGlobalSection
EndGlobal
